// !$*UTF8*$!
{
	archiveVersion = 1;
	classes = {
	};
	objectVersion = 50;
	objects = {

/* Begin PBXBuildFile section */
		6122C7F8216C3FEE0065C28B /* AppDelegate.m in Sources */ = {isa = PBXBuildFile; fileRef = 6122C7F7216C3FEE0065C28B /* AppDelegate.m */; };
		6122C7FB216C3FEE0065C28B /* ViewController.m in Sources */ = {isa = PBXBuildFile; fileRef = 6122C7FA216C3FEE0065C28B /* ViewController.m */; };
		6122C7FE216C3FEE0065C28B /* Main.storyboard in Resources */ = {isa = PBXBuildFile; fileRef = 6122C7FC216C3FEE0065C28B /* Main.storyboard */; };
		6122C800216C3FEF0065C28B /* Assets.xcassets in Resources */ = {isa = PBXBuildFile; fileRef = 6122C7FF216C3FEF0065C28B /* Assets.xcassets */; };
		6122C803216C3FEF0065C28B /* LaunchScreen.storyboard in Resources */ = {isa = PBXBuildFile; fileRef = 6122C801216C3FEF0065C28B /* LaunchScreen.storyboard */; };
		6122C806216C3FEF0065C28B /* main.m in Sources */ = {isa = PBXBuildFile; fileRef = 6122C805216C3FEF0065C28B /* main.m */; };
		6122C80E216C40A80065C28B /* CellPerson.m in Sources */ = {isa = PBXBuildFile; fileRef = 6122C80D216C40A80065C28B /* CellPerson.m */; };
		E96CB10A0039ED75210FC47D /* libPods-MansonyTest.a in Frameworks */ = {isa = PBXBuildFile; fileRef = DA28B4990597D568B6D0E2FD /* libPods-MansonyTest.a */; };
/* End PBXBuildFile section */

/* Begin PBXFileReference section */
		1E97B6CD5AC095727F37ABE2 /* Pods-MansonyTest.debug.xcconfig */ = {isa = PBXFileReference; includeInIndex = 1; lastKnownFileType = text.xcconfig; name = "Pods-MansonyTest.debug.xcconfig"; path = "Pods/Target Support Files/Pods-MansonyTest/Pods-MansonyTest.debug.xcconfig"; sourceTree = "<group>"; };
		6122C7F3216C3FEE0065C28B /* MansonyTest.app */ = {isa = PBXFileReference; explicitFileType = wrapper.application; includeInIndex = 0; path = MansonyTest.app; sourceTree = BUILT_PRODUCTS_DIR; };
		6122C7F6216C3FEE0065C28B /* AppDelegate.h */ = {isa = PBXFileReference; lastKnownFileType = sourcecode.c.h; path = AppDelegate.h; sourceTree = "<group>"; };
		6122C7F7216C3FEE0065C28B /* AppDelegate.m */ = {isa = PBXFileReference; lastKnownFileType = sourcecode.c.objc; path = AppDelegate.m; sourceTree = "<group>"; };
		6122C7F9216C3FEE0065C28B /* ViewController.h */ = {isa = PBXFileReference; lastKnownFileType = sourcecode.c.h; path = ViewController.h; sourceTree = "<group>"; };
		6122C7FA216C3FEE0065C28B /* ViewController.m */ = {isa = PBXFileReference; lastKnownFileType = sourcecode.c.objc; path = ViewController.m; sourceTree = "<group>"; };
		6122C7FD216C3FEE0065C28B /* Base */ = {isa = PBXFileReference; lastKnownFileType = file.storyboard; name = Base; path = Base.lproj/Main.storyboard; sourceTree = "<group>"; };
		6122C7FF216C3FEF0065C28B /* Assets.xcassets */ = {isa = PBXFileReference; lastKnownFileType = folder.assetcatalog; path = Assets.xcassets; sourceTree = "<group>"; };
		6122C802216C3FEF0065C28B /* Base */ = {isa = PBXFileReference; lastKnownFileType = file.storyboard; name = Base; path = Base.lproj/LaunchScreen.storyboard; sourceTree = "<group>"; };
		6122C804216C3FEF0065C28B /* Info.plist */ = {isa = PBXFileReference; lastKnownFileType = text.plist.xml; path = Info.plist; sourceTree = "<group>"; };
		6122C805216C3FEF0065C28B /* main.m */ = {isa = PBXFileReference; lastKnownFileType = sourcecode.c.objc; path = main.m; sourceTree = "<group>"; };
		6122C80C216C40A80065C28B /* CellPerson.h */ = {isa = PBXFileReference; lastKnownFileType = sourcecode.c.h; path = CellPerson.h; sourceTree = "<group>"; };
		6122C80D216C40A80065C28B /* CellPerson.m */ = {isa = PBXFileReference; lastKnownFileType = sourcecode.c.objc; path = CellPerson.m; sourceTree = "<group>"; };
		A26F66E4F3DE7FD241B2298B /* Pods-MansonyTest.release.xcconfig */ = {isa = PBXFileReference; includeInIndex = 1; lastKnownFileType = text.xcconfig; name = "Pods-MansonyTest.release.xcconfig"; path = "Pods/Target Support Files/Pods-MansonyTest/Pods-MansonyTest.release.xcconfig"; sourceTree = "<group>"; };
		DA28B4990597D568B6D0E2FD /* libPods-MansonyTest.a */ = {isa = PBXFileReference; explicitFileType = archive.ar; includeInIndex = 0; path = "libPods-MansonyTest.a"; sourceTree = BUILT_PRODUCTS_DIR; };
/* End PBXFileReference section */

/* Begin PBXFrameworksBuildPhase section */
		6122C7F0216C3FEE0065C28B /* Frameworks */ = {
			isa = PBXFrameworksBuildPhase;
			buildActionMask = 2147483647;
			files = (
				E96CB10A0039ED75210FC47D /* libPods-MansonyTest.a in Frameworks */,
			);
			runOnlyForDeploymentPostprocessing = 0;
		};
/* End PBXFrameworksBuildPhase section */

/* Begin PBXGroup section */
		01A5A4400729D5792442A4CF /* Pods */ = {
			isa = PBXGroup;
			children = (
				1E97B6CD5AC095727F37ABE2 /* Pods-MansonyTest.debug.xcconfig */,
				A26F66E4F3DE7FD241B2298B /* Pods-MansonyTest.release.xcconfig */,
			);
			name = Pods;
			sourceTree = "<group>";
		};
		6122C7EA216C3FEE0065C28B = {
			isa = PBXGroup;
			children = (
				6122C7F5216C3FEE0065C28B /* MansonyTest */,
				6122C7F4216C3FEE0065C28B /* Products */,
				01A5A4400729D5792442A4CF /* Pods */,
				DED77A7677EEFF9739066E06 /* Frameworks */,
			);
			sourceTree = "<group>";
		};
		6122C7F4216C3FEE0065C28B /* Products */ = {
			isa = PBXGroup;
			children = (
				6122C7F3216C3FEE0065C28B /* MansonyTest.app */,
			);
			name = Products;
			sourceTree = "<group>";
		};
		6122C7F5216C3FEE0065C28B /* MansonyTest */ = {
			isa = PBXGroup;
			children = (
				6122C7F6216C3FEE0065C28B /* AppDelegate.h */,
				6122C7F7216C3FEE0065C28B /* AppDelegate.m */,
				6122C7F9216C3FEE0065C28B /* ViewController.h */,
				6122C7FA216C3FEE0065C28B /* ViewController.m */,
				6122C80C216C40A80065C28B /* CellPerson.h */,
				6122C80D216C40A80065C28B /* CellPerson.m */,
				6122C7FC216C3FEE0065C28B /* Main.storyboard */,
				6122C7FF216C3FEF0065C28B /* Assets.xcassets */,
				6122C801216C3FEF0065C28B /* LaunchScreen.storyboard */,
				6122C804216C3FEF0065C28B /* Info.plist */,
				6122C805216C3FEF0065C28B /* main.m */,
			);
			path = MansonyTest;
			sourceTree = "<group>";
		};
		DED77A7677EEFF9739066E06 /* Frameworks */ = {
			isa = PBXGroup;
			children = (
				DA28B4990597D568B6D0E2FD /* libPods-MansonyTest.a */,
			);
			name = Frameworks;
			sourceTree = "<group>";
		};
/* End PBXGroup section */

/* Begin PBXNativeTarget section */
		6122C7F2216C3FEE0065C28B /* MansonyTest */ = {
			isa = PBXNativeTarget;
			buildConfigurationList = 6122C809216C3FEF0065C28B /* Build configuration list for PBXNativeTarget "MansonyTest" */;
			buildPhases = (
				277FE47D4D393309D9420535 /* [CP] Check Pods Manifest.lock */,
				6122C7EF216C3FEE0065C28B /* Sources */,
				6122C7F0216C3FEE0065C28B /* Frameworks */,
				6122C7F1216C3FEE0065C28B /* Resources */,
			);
			buildRules = (
			);
			dependencies = (
			);
			name = MansonyTest;
			productName = MansonyTest;
			productReference = 6122C7F3216C3FEE0065C28B /* MansonyTest.app */;
			productType = "com.apple.product-type.application";
		};
/* End PBXNativeTarget section */

/* Begin PBXProject section */
		6122C7EB216C3FEE0065C28B /* Project object */ = {
			isa = PBXProject;
			attributes = {
				LastUpgradeCheck = 1000;
				ORGANIZATIONNAME = yanyu;
				TargetAttributes = {
					6122C7F2216C3FEE0065C28B = {
						CreatedOnToolsVersion = 10.0;
					};
				};
			};
			buildConfigurationList = 6122C7EE216C3FEE0065C28B /* Build configuration list for PBXProject "MansonyTest" */;
			compatibilityVersion = "Xcode 9.3";
			developmentRegion = en;
			hasScannedForEncodings = 0;
			knownRegions = (
				en,
				Base,
			);
			mainGroup = 6122C7EA216C3FEE0065C28B;
			productRefGroup = 6122C7F4216C3FEE0065C28B /* Products */;
			projectDirPath = "";
			projectRoot = "";
			targets = (
				6122C7F2216C3FEE0065C28B /* MansonyTest */,
			);
		};
/* End PBXProject section */

/* Begin PBXResourcesBuildPhase section */
		6122C7F1216C3FEE0065C28B /* Resources */ = {
			isa = PBXResourcesBuildPhase;
			buildActionMask = 2147483647;
			files = (
				6122C803216C3FEF0065C28B /* LaunchScreen.storyboard in Resources */,
				6122C800216C3FEF0065C28B /* Assets.xcassets in Resources */,
				6122C7FE216C3FEE0065C28B /* Main.storyboard in Resources */,
			);
			runOnlyForDeploymentPostprocessing = 0;
		};
/* End PBXResourcesBuildPhase section */

/* Begin PBXShellScriptBuildPhase section */
		277FE47D4D393309D9420535 /* [CP] Check Pods Manifest.lock */ = {
			isa = PBXShellScriptBuildPhase;
			buildActionMask = 2147483647;
			files = (
			);
			inputPaths = (
				"${PODS_PODFILE_DIR_PATH}/Podfile.lock",
				"${PODS_ROOT}/Manifest.lock",
			);
			name = "[CP] Check Pods Manifest.lock";
			outputPaths = (
				"$(DERIVED_FILE_DIR)/Pods-MansonyTest-checkManifestLockResult.txt",
			);
			runOnlyForDeploymentPostprocessing = 0;
			shellPath = /bin/sh;
			shellScript = "diff \"${PODS_PODFILE_DIR_PATH}/Podfile.lock\" \"${PODS_ROOT}/Manifest.lock\" > /dev/null\nif [ $? != 0 ] ; then\n    # print error to STDERR\n    echo \"error: The sandbox is not in sync with the Podfile.lock. Run 'pod install' or update your CocoaPods installation.\" >&2\n    exit 1\nfi\n# This output is used by Xcode 'outputs' to avoid re-running this script phase.\necho \"SUCCESS\" > \"${SCRIPT_OUTPUT_FILE_0}\"\n";
			showEnvVarsInLog = 0;
		};
/* End PBXShellScriptBuildPhase section */

/* Begin PBXSourcesBuildPhase section */
		6122C7EF216C3FEE0065C28B /* Sources */ = {
			isa = PBXSourcesBuildPhase;
			buildActionMask = 2147483647;
			files = (
				6122C7FB216C3FEE0065C28B /* ViewController.m in Sources */,
				6122C806216C3FEF0065C28B /* main.m in Sources */,
				6122C80E216C40A80065C28B /* CellPerson.m in Sources */,
				6122C7F8216C3FEE0065C28B /* AppDelegate.m in Sources */,
			);
			runOnlyForDeploymentPostprocessing = 0;
		};
/* End PBXSourcesBuildPhase section */

/* Begin PBXVariantGroup section */
		6122C7FC216C3FEE0065C28B /* Main.storyboard */ = {
			isa = PBXVariantGroup;
			children = (
				6122C7FD216C3FEE0065C28B /* Base */,
			);
			name = Main.storyboard;
			sourceTree = "<group>";
		};
		6122C801216C3FEF0065C28B /* LaunchScreen.storyboard */ = {
			isa = PBXVariantGroup;
			children = (
				6122C802216C3FEF0065C28B /* Base */,
			);
			name = LaunchScreen.storyboard;
			sourceTree = "<group>";
		};
/* End PBXVariantGroup section */

/* Begin XCBuildConfiguration section */
		6122C807216C3FEF0065C28B /* Debug */ = {
			isa = XCBuildConfiguration;
			buildSettings = {
				ALWAYS_SEARCH_USER_PATHS = NO;
				CLANG_ANALYZER_NONNULL = YES;
				CLANG_ANALYZER_NUMBER_OBJECT_CONVERSION = YES_AGGRESSIVE;
				CLANG_CXX_LANGUAGE_STANDARD = "gnu++14";
				CLANG_CXX_LIBRARY = "libc++";
				CLANG_ENABLE_MODULES = YES;
				CLANG_ENABLE_OBJC_ARC = YES;
				CLANG_ENABLE_OBJC_WEAK = YES;
				CLANG_WARN_BLOCK_CAPTURE_AUTORELEASING = YES;
				CLANG_WARN_BOOL_CONVERSION = YES;
				CLANG_WARN_COMMA = YES;
				CLANG_WARN_CONSTANT_CONVERSION = YES;
				CLANG_WARN_DEPRECATED_OBJC_IMPLEMENTATIONS = YES;
				CLANG_WARN_DIRECT_OBJC_ISA_USAGE = YES_ERROR;
				CLANG_WARN_DOCUMENTATION_COMMENTS = YES;
				CLANG_WARN_EMPTY_BODY = YES;
				CLANG_WARN_ENUM_CONVERSION = YES;
				CLANG_WARN_INFINITE_RECURSION = YES;
				CLANG_WARN_INT_CONVERSION = YES;
				CLANG_WARN_NON_LITERAL_NULL_CONVERSION = YES;
				CLANG_WARN_OBJC_IMPLICIT_RETAIN_SELF = YES;
				CLANG_WARN_OBJC_LITERAL_CONVERSION = YES;
				CLANG_WARN_OBJC_ROOT_CLASS = YES_ERROR;
				CLANG_WARN_RANGE_LOOP_ANALYSIS = YES;
				CLANG_WARN_STRICT_PROTOTYPES = YES;
				CLANG_WARN_SUSPICIOUS_MOVE = YES;
				CLANG_WARN_UNGUARDED_AVAILABILITY = YES_AGGRESSIVE;
				CLANG_WARN_UNREACHABLE_CODE = YES;
				CLANG_WARN__DUPLICATE_METHOD_MATCH = YES;
				CODE_SIGN_IDENTITY = "iPhone Developer";
				COPY_PHASE_STRIP = NO;
				DEBUG_INFORMATION_FORMAT = dwarf;
				ENABLE_STRICT_OBJC_MSGSEND = YES;
				ENABLE_TESTABILITY = YES;
				GCC_C_LANGUAGE_STANDARD = gnu11;
				GCC_DYNAMIC_NO_PIC = NO;
				GCC_NO_COMMON_BLOCKS = YES;
				GCC_OPTIMIZATION_LEVEL = 0;
				GCC_PREPROCESSOR_DEFINITIONS = (
					"DEBUG=1",
					"$(inherited)",
				);
				GCC_WARN_64_TO_32_BIT_CONVERSION = YES;
				GCC_WARN_ABOUT_RETURN_TYPE = YES_ERROR;
				GCC_WARN_UNDECLARED_SELECTOR = YES;
				GCC_WARN_UNINITIALIZED_AUTOS = YES_AGGRESSIVE;
				GCC_WARN_UNUSED_FUNCTION = YES;
				GCC_WARN_UNUSED_VARIABLE = YES;
				IPHONEOS_DEPLOYMENT_TARGET = 12.0;
				MTL_ENABLE_DEBUG_INFO = INCLUDE_SOURCE;
				MTL_FAST_MATH = YES;
				ONLY_ACTIVE_ARCH = YES;
				SDKROOT = iphoneos;
			};
			name = Debug;
		};
		6122C808216C3FEF0065C28B /* Release */ = {
			isa = XCBuildConfiguration;
			buildSettings = {
				ALWAYS_SEARCH_USER_PATHS = NO;
				CLANG_ANALYZER_NONNULL = YES;
				CLANG_ANALYZER_NUMBER_OBJECT_CONVERSION = YES_AGGRESSIVE;
				CLANG_CXX_LANGUAGE_STANDARD = "gnu++14";
				CLANG_CXX_LIBRARY = "libc++";
				CLANG_ENABLE_MODULES = YES;
				CLANG_ENABLE_OBJC_ARC = YES;
				CLANG_ENABLE_OBJC_WEAK = YES;
				CLANG_WARN_BLOCK_CAPTURE_AUTORELEASING = YES;
				CLANG_WARN_BOOL_CONVERSION = YES;
				CLANG_WARN_COMMA = YES;
				CLANG_WARN_CONSTANT_CONVERSION = YES;
				CLANG_WARN_DEPRECATED_OBJC_IMPLEMENTATIONS = YES;
				CLANG_WARN_DIRECT_OBJC_ISA_USAGE = YES_ERROR;
				CLANG_WARN_DOCUMENTATION_COMMENTS = YES;
				CLANG_WARN_EMPTY_BODY = YES;
				CLANG_WARN_ENUM_CONVERSION = YES;
				CLANG_WARN_INFINITE_RECURSION = YES;
				CLANG_WARN_INT_CONVERSION = YES;
				CLANG_WARN_NON_LITERAL_NULL_CONVERSION = YES;
				CLANG_WARN_OBJC_IMPLICIT_RETAIN_SELF = YES;
				CLANG_WARN_OBJC_LITERAL_CONVERSION = YES;
				CLANG_WARN_OBJC_ROOT_CLASS = YES_ERROR;
				CLANG_WARN_RANGE_LOOP_ANALYSIS = YES;
				CLANG_WARN_STRICT_PROTOTYPES = YES;
				CLANG_WARN_SUSPICIOUS_MOVE = YES;
				CLANG_WARN_UNGUARDED_AVAILABILITY = YES_AGGRESSIVE;
				CLANG_WARN_UNREACHABLE_CODE = YES;
				CLANG_WARN__DUPLICATE_METHOD_MATCH = YES;
				CODE_SIGN_IDENTITY = "iPhone Developer";
				COPY_PHASE_STRIP = NO;
				DEBUG_INFORMATION_FORMAT = "dwarf-with-dsym";
				ENABLE_NS_ASSERTIONS = NO;
				ENABLE_STRICT_OBJC_MSGSEND = YES;
				GCC_C_LANGUAGE_STANDARD = gnu11;
				GCC_NO_COMMON_BLOCKS = YES;
				GCC_WARN_64_TO_32_BIT_CONVERSION = YES;
				GCC_WARN_ABOUT_RETURN_TYPE = YES_ERROR;
				GCC_WARN_UNDECLARED_SELECTOR = YES;
				GCC_WARN_UNINITIALIZED_AUTOS = YES_AGGRESSIVE;
				GCC_WARN_UNUSED_FUNCTION = YES;
				GCC_WARN_UNUSED_VARIABLE = YES;
				IPHONEOS_DEPLOYMENT_TARGET = 12.0;
				MTL_ENABLE_DEBUG_INFO = NO;
				MTL_FAST_MATH = YES;
				SDKROOT = iphoneos;
				VALIDATE_PRODUCT = YES;
			};
			name = Release;
		};
		6122C80A216C3FEF0065C28B /* Debug */ = {
			isa = XCBuildConfiguration;
			baseConfigurationReference = 1E97B6CD5AC095727F37ABE2 /* Pods-MansonyTest.debug.xcconfig */;
			buildSettings = {
				ASSETCATALOG_COMPILER_APPICON_NAME = AppIcon;
				CODE_SIGN_STYLE = Automatic;
				DEVELOPMENT_TEAM = 682G272KAQ;
				INFOPLIST_FILE = MansonyTest/Info.plist;
				IPHONEOS_DEPLOYMENT_TARGET = 9.1;
				LD_RUNPATH_SEARCH_PATHS = (
					"$(inherited)",
					"@executable_path/Frameworks",
				);
				PRODUCT_BUNDLE_IDENTIFIER = com.sean.cityChoose.MansonyTest;
				PRODUCT_NAME = "$(TARGET_NAME)";
				TARGETED_DEVICE_FAMILY = "1,2";
			};
			name = Debug;
		};
		6122C80B216C3FEF0065C28B /* Release */ = {
			isa = XCBuildConfiguration;
			baseConfigurationReference = A26F66E4F3DE7FD241B2298B /* Pods-MansonyTest.release.xcconfig */;
			buildSettings = {
				ASSETCATALOG_COMPILER_APPICON_NAME = AppIcon;
				CODE_SIGN_STYLE = Automatic;
				DEVELOPMENT_TEAM = 682G272KAQ;
				INFOPLIST_FILE = MansonyTest/Info.plist;
				IPHONEOS_DEPLOYMENT_TARGET = 9.1;
				LD_RUNPATH_SEARCH_PATHS = (
					"$(inherited)",
					"@executable_path/Frameworks",
				);
				PRODUCT_BUNDLE_IDENTIFIER = com.sean.cityChoose.MansonyTest;
				PRODUCT_NAME = "$(TARGET_NAME)";
				TARGETED_DEVICE_FAMILY = "1,2";
			};
			name = Release;
		};
/* End XCBuildConfiguration section */

/* Begin XCConfigurationList section */
		6122C7EE216C3FEE0065C28B /* Build configuration list for PBXProject "MansonyTest" */ = {
			isa = XCConfigurationList;
			buildConfigurations = (
				6122C807216C3FEF0065C28B /* Debug */,
				6122C808216C3FEF0065C28B /* Release */,
			);
			defaultConfigurationIsVisible = 0;
			defaultConfigurationName = Release;
		};
		6122C809216C3FEF0065C28B /* Build configuration list for PBXNativeTarget "MansonyTest" */ = {
			isa = XCConfigurationList;
			buildConfigurations = (
				6122C80A216C3FEF0065C28B /* Debug */,
				6122C80B216C3FEF0065C28B /* Release */,
			);
			defaultConfigurationIsVisible = 0;
			defaultConfigurationName = Release;
		};
/* End XCConfigurationList section */
	};
	rootObject = 6122C7EB216C3FEE0065C28B /* Project object */;
}
